
Microsoft Visual Studio Solution File, Format Version 12.00
# Visual Studio 15
VisualStudioVersion = 15.0.28010.2016
MinimumVisualStudioVersion = 10.0.40219.1
Project("{FAE04EC0-301F-11D3-BF4B-00C04F79EFBC}") = "BatchRename", "BatchRename\BatchRename.csproj", "{E562290A-1021-4940-AA8B-AAFDB664073C}"
EndProject
Global
	GlobalSection(SolutionConfigurationPlatforms) = preSolution
		Debug|Any CPU = Debug|Any CPU
		Release|Any CPU = Release|Any CPU
	EndGlobalSection
	GlobalSection(ProjectConfigurationPlatforms) = postSolution
		{E562290A-1021-4940-AA8B-AAFDB664073C}.Debug|Any CPU.ActiveCfg = Debug|Any CPU
		{E562290A-1021-4940-AA8B-AAFDB664073C}.Debug|Any CPU.Build.0 = Debug|Any CPU
		{E562290A-1021-4940-AA8B-AAFDB664073C}.Release|Any CPU.ActiveCfg = Release|Any CPU
		{E562290A-1021-4940-AA8B-AAFDB664073C}.Release|Any CPU.Build.0 = Release|Any CPU
	EndGlobalSection
	GlobalSection(SolutionProperties) = preSolution
		HideSolutionNode = FALSE
	EndGlobalSection
	GlobalSection(ExtensibilityGlobals) = postSolution
		SolutionGuid = {5436B99F-610D-4371-AEB2-2F9EFEE2BDF8}
	EndGlobalSection
EndGlobal
